Microsoft Visual Studio Solution File, Format Version 12.00
# Visual Studio Version 17
VisualStudioVersion = 17.5.2.0
MinimumVisualStudioVersion = 10.0.40219.1
Project("{FAE04EC0-301F-11D3-BF4B-00C04F79EFBC}") = "MonteEngine", "MonteEngine.csproj", "{BF70EBBB-55C2-77CE-0884-082A4B0EDF68}"
EndProject
Global
	GlobalSection(SolutionConfigurationPlatforms) = preSolution
		Debug|Any CPU = Debug|Any CPU
		Release|Any CPU = Release|Any CPU
	EndGlobalSection
	GlobalSection(ProjectConfigurationPlatforms) = postSolution
		{BF70EBBB-55C2-77CE-0884-082A4B0EDF68}.Debug|Any CPU.ActiveCfg = Debug|Any CPU
		{BF70EBBB-55C2-77CE-0884-082A4B0EDF68}.Debug|Any CPU.Build.0 = Debug|Any CPU
		{BF70EBBB-55C2-77CE-0884-082A4B0EDF68}.Release|Any CPU.ActiveCfg = Release|Any CPU
		{BF70EBBB-55C2-77CE-0884-082A4B0EDF68}.Release|Any CPU.Build.0 = Release|Any CPU
	EndGlobalSection
	GlobalSection(SolutionProperties) = preSolution
		HideSolutionNode = FALSE
	EndGlobalSection
	GlobalSection(ExtensibilityGlobals) = postSolution
		SolutionGuid = {47C942C2-DC8C-45D6-938B-AB8E03808A50}
	EndGlobalSection
EndGlobal
